
Microsoft Visual Studio Solution File, Format Version 12.00
# Visual Studio Version 16
VisualStudioVersion = 16.0.29519.181
MinimumVisualStudioVersion = 10.0.40219.1
Project("{FAE04EC0-301F-11D3-BF4B-00C04F79EFBC}") = "JuneChallenge", "JuneChallenge.csproj", "{716AA464-9B20-490C-98B6-C74D2DD73461}"
EndProject
Project("{FAE04EC0-301F-11D3-BF4B-00C04F79EFBC}") = "JuneChallengeTest", "..\JuneChallengeTest\JuneChallengeTest.csproj", "{9E7AF8C0-1D40-43D8-89B4-0C782FA71B89}"
EndProject
Global
	GlobalSection(SolutionConfigurationPlatforms) = preSolution
		Debug|Any CPU = Debug|Any CPU
		Release|Any CPU = Release|Any CPU
	EndGlobalSection
	GlobalSection(ProjectConfigurationPlatforms) = postSolution
		{716AA464-9B20-490C-98B6-C74D2DD73461}.Debug|Any CPU.ActiveCfg = Debug|Any CPU
		{716AA464-9B20-490C-98B6-C74D2DD73461}.Debug|Any CPU.Build.0 = Debug|Any CPU
		{716AA464-9B20-490C-98B6-C74D2DD73461}.Release|Any CPU.ActiveCfg = Release|Any CPU
		{716AA464-9B20-490C-98B6-C74D2DD73461}.Release|Any CPU.Build.0 = Release|Any CPU
		{9E7AF8C0-1D40-43D8-89B4-0C782FA71B89}.Debug|Any CPU.ActiveCfg = Debug|Any CPU
		{9E7AF8C0-1D40-43D8-89B4-0C782FA71B89}.Debug|Any CPU.Build.0 = Debug|Any CPU
		{9E7AF8C0-1D40-43D8-89B4-0C782FA71B89}.Release|Any CPU.ActiveCfg = Release|Any CPU
		{9E7AF8C0-1D40-43D8-89B4-0C782FA71B89}.Release|Any CPU.Build.0 = Release|Any CPU
	EndGlobalSection
	GlobalSection(SolutionProperties) = preSolution
		HideSolutionNode = FALSE
	EndGlobalSection
	GlobalSection(ExtensibilityGlobals) = postSolution
		SolutionGuid = {E845831D-3A69-48E2-9248-82521216DD6D}
	EndGlobalSection
EndGlobal
